{
  "name": "omnipanel",
  "lockfileVersion": 3,
  "requires": true,
  "packages": {
    "": {
      "dependencies": {
        "@xterm/xterm": "^5.5.0",
        "react-xtermjs": "^1.0.12"
      }
    },
    "node_modules/@xterm/xterm": {
      "version": "5.5.0",
      "resolved": "https://registry.npmmirror.com/@xterm/xterm/-/xterm-5.5.0.tgz",
      "integrity": "sha512-hqJHYaQb5OptNunnyAnkHyM8aCjZ1MEIDTQu1iIbbTD/xops91NB5yq1ZK/dC2JDbVWtF23zUtl9JE2NqwT87A==",
      "license": "MIT"
    },
    "node_modules/react-xtermjs": {
      "version": "1.0.12",
      "resolved": "https://registry.npmmirror.com/react-xtermjs/-/react-xtermjs-1.0.12.tgz",
      "integrity": "sha512-8uXBzVF4vP6r2NABxt/9heH1Y5Vx2v2hFrAk1kre+HyY3CjM6Prbc8ViqBRia6EBzI57IFBWOicYV1/k05JBtw==",
      "license": "ISC",
      "peerDependencies": {
        "@xterm/xterm": "^5.5.0"
      }
    }
  }
}
